Microsoft Visual Studio Solution File, Format Version 12.00
# 
Project("{2150E333-8FDC-42A3-9474-1A3956D46DE8}") = "Services", "src\Services", "{A4220E47-47F9-4ABC-B764-A9D86998C23A}"
EndProject
Project("{2150E333-8FDC-42A3-9474-1A3956D46DE8}") = "Disk", "src\Disk", "{4827F2CD-EB61-4DE9-99B6-73CDDBB41D24}"
EndProject
Project("{FAE04EC0-301F-11D3-BF4B-00C04F79EFBC}") = "Disk.Api", "src\Services\Disk\Disk.Api\Disk.Api.csproj", "{7E9E0EE6-4B64-4EE6-BED9-855111912CCB}"
EndProject
Project("{2150E333-8FDC-42A3-9474-1A3956D46DE8}") = "Web", "src\Web", "{0B1FBC1F-0189-44A9-9723-3E997BB5C8E0}"
EndProject
Project("{FAE04EC0-301F-11D3-BF4B-00C04F79EFBC}") = "Web.Api", "src\Services\Web\Web.Api\Web.Api.csproj", "{3E9BC458-8AEF-443A-ACDD-63A5344FD380}"
EndProject
Project("{2150E333-8FDC-42A3-9474-1A3956D46DE8}") = "TelegramBot", "src\TelegramBot", "{DC46A8EB-B0D2-4CBC-BD7C-96CE58AAD00B}"
EndProject
Project("{FAE04EC0-301F-11D3-BF4B-00C04F79EFBC}") = "TelegramBot.Api", "src\Services\TelegramBot\TelegramBot.Api\TelegramBot.Api.csproj", "{CC38FA6E-5894-4E55-BDF8-CF6338B2AB23}"
EndProject
Project("{2150E333-8FDC-42A3-9474-1A3956D46DE8}") = "src", "src", "{9FCCD811-387B-48F5-B7A9-46AD834BE827}"
EndProject
Project("{2150E333-8FDC-42A3-9474-1A3956D46DE8}") = "Identity", "Identity", "{C8909F20-0398-468E-AEA6-974470E8C71B}"
EndProject
Project("{FAE04EC0-301F-11D3-BF4B-00C04F79EFBC}") = "Identity.Api", "src\Services\Identity\Identity.Api\Identity.Api.csproj", "{02DD6252-23B8-4269-B592-8E3BD1738514}"
EndProject
Project("{FAE04EC0-301F-11D3-BF4B-00C04F79EFBC}") = "Identity.Domain", "src\Services\Identity\Identity.Domain\Identity.Domain.csproj", "{7ADDF171-B431-4C37-9BEB-71D5EF641B59}"
EndProject
Project("{FAE04EC0-301F-11D3-BF4B-00C04F79EFBC}") = "Identity.DAL", "src\Services\Identity\Identity.DAL\Identity.DAL.csproj", "{5B8D2145-AECD-404B-965F-716BA77D5D32}"
EndProject
Global
	GlobalSection(SolutionConfigurationPlatforms) = preSolution
		Debug|Any CPU = Debug|Any CPU
		Release|Any CPU = Release|Any CPU
	EndGlobalSection
	GlobalSection(ProjectConfigurationPlatforms) = postSolution
		{7E9E0EE6-4B64-4EE6-BED9-855111912CCB}.Debug|Any CPU.ActiveCfg = Debug|Any CPU
		{7E9E0EE6-4B64-4EE6-BED9-855111912CCB}.Debug|Any CPU.Build.0 = Debug|Any CPU
		{7E9E0EE6-4B64-4EE6-BED9-855111912CCB}.Release|Any CPU.ActiveCfg = Release|Any CPU
		{7E9E0EE6-4B64-4EE6-BED9-855111912CCB}.Release|Any CPU.Build.0 = Release|Any CPU
		{3E9BC458-8AEF-443A-ACDD-63A5344FD380}.Debug|Any CPU.ActiveCfg = Debug|Any CPU
		{3E9BC458-8AEF-443A-ACDD-63A5344FD380}.Debug|Any CPU.Build.0 = Debug|Any CPU
		{3E9BC458-8AEF-443A-ACDD-63A5344FD380}.Release|Any CPU.ActiveCfg = Release|Any CPU
		{3E9BC458-8AEF-443A-ACDD-63A5344FD380}.Release|Any CPU.Build.0 = Release|Any CPU
		{CC38FA6E-5894-4E55-BDF8-CF6338B2AB23}.Debug|Any CPU.ActiveCfg = Debug|Any CPU
		{CC38FA6E-5894-4E55-BDF8-CF6338B2AB23}.Debug|Any CPU.Build.0 = Debug|Any CPU
		{CC38FA6E-5894-4E55-BDF8-CF6338B2AB23}.Release|Any CPU.ActiveCfg = Release|Any CPU
		{CC38FA6E-5894-4E55-BDF8-CF6338B2AB23}.Release|Any CPU.Build.0 = Release|Any CPU
		{02DD6252-23B8-4269-B592-8E3BD1738514}.Debug|Any CPU.ActiveCfg = Debug|Any CPU
		{02DD6252-23B8-4269-B592-8E3BD1738514}.Debug|Any CPU.Build.0 = Debug|Any CPU
		{02DD6252-23B8-4269-B592-8E3BD1738514}.Release|Any CPU.ActiveCfg = Release|Any CPU
		{02DD6252-23B8-4269-B592-8E3BD1738514}.Release|Any CPU.Build.0 = Release|Any CPU
		{7ADDF171-B431-4C37-9BEB-71D5EF641B59}.Debug|Any CPU.ActiveCfg = Debug|Any CPU
		{7ADDF171-B431-4C37-9BEB-71D5EF641B59}.Debug|Any CPU.Build.0 = Debug|Any CPU
		{7ADDF171-B431-4C37-9BEB-71D5EF641B59}.Release|Any CPU.ActiveCfg = Release|Any CPU
		{7ADDF171-B431-4C37-9BEB-71D5EF641B59}.Release|Any CPU.Build.0 = Release|Any CPU
		{5B8D2145-AECD-404B-965F-716BA77D5D32}.Debug|Any CPU.ActiveCfg = Debug|Any CPU
		{5B8D2145-AECD-404B-965F-716BA77D5D32}.Debug|Any CPU.Build.0 = Debug|Any CPU
		{5B8D2145-AECD-404B-965F-716BA77D5D32}.Release|Any CPU.ActiveCfg = Release|Any CPU
		{5B8D2145-AECD-404B-965F-716BA77D5D32}.Release|Any CPU.Build.0 = Release|Any CPU
	EndGlobalSection
	GlobalSection(NestedProjects) = preSolution
		{4827F2CD-EB61-4DE9-99B6-73CDDBB41D24} = {A4220E47-47F9-4ABC-B764-A9D86998C23A}
		{7E9E0EE6-4B64-4EE6-BED9-855111912CCB} = {4827F2CD-EB61-4DE9-99B6-73CDDBB41D24}
		{0B1FBC1F-0189-44A9-9723-3E997BB5C8E0} = {A4220E47-47F9-4ABC-B764-A9D86998C23A}
		{3E9BC458-8AEF-443A-ACDD-63A5344FD380} = {0B1FBC1F-0189-44A9-9723-3E997BB5C8E0}
		{DC46A8EB-B0D2-4CBC-BD7C-96CE58AAD00B} = {A4220E47-47F9-4ABC-B764-A9D86998C23A}
		{CC38FA6E-5894-4E55-BDF8-CF6338B2AB23} = {DC46A8EB-B0D2-4CBC-BD7C-96CE58AAD00B}
		{C8909F20-0398-468E-AEA6-974470E8C71B} = {A4220E47-47F9-4ABC-B764-A9D86998C23A}
		{02DD6252-23B8-4269-B592-8E3BD1738514} = {C8909F20-0398-468E-AEA6-974470E8C71B}
		{7ADDF171-B431-4C37-9BEB-71D5EF641B59} = {C8909F20-0398-468E-AEA6-974470E8C71B}
		{5B8D2145-AECD-404B-965F-716BA77D5D32} = {C8909F20-0398-468E-AEA6-974470E8C71B}
	EndGlobalSection
EndGlobal
