
Microsoft Visual Studio Solution File, Format Version 12.00
# 
Project("{2150E333-8FDC-42A3-9474-1A3956D46DE8}") = "Services", "Services", "{A4220E47-47F9-4ABC-B764-A9D86998C23A}"
EndProject
Project("{2150E333-8FDC-42A3-9474-1A3956D46DE8}") = "Identity", "Identity", "{6E455223-9528-4B7D-AAAA-D553185C28AB}"
EndProject
Project("{FAE04EC0-301F-11D3-BF4B-00C04F79EFBC}") = "Identity.Api", "Services\Identity\Identity.Api\Identity.Api.csproj", "{734D0A79-47B8-4C25-8D84-B44760F69B42}"
EndProject
Project("{2150E333-8FDC-42A3-9474-1A3956D46DE8}") = "Disk", "Disk", "{4827F2CD-EB61-4DE9-99B6-73CDDBB41D24}"
EndProject
Project("{FAE04EC0-301F-11D3-BF4B-00C04F79EFBC}") = "Disk.Api", "Services\Disk\Disk.Api\Disk.Api.csproj", "{7E9E0EE6-4B64-4EE6-BED9-855111912CCB}"
EndProject
Project("{2150E333-8FDC-42A3-9474-1A3956D46DE8}") = "Web", "Web", "{0B1FBC1F-0189-44A9-9723-3E997BB5C8E0}"
EndProject
Project("{FAE04EC0-301F-11D3-BF4B-00C04F79EFBC}") = "Web.Api", "Services\Web\Web.Api\Web.Api.csproj", "{3E9BC458-8AEF-443A-ACDD-63A5344FD380}"
EndProject
Global
	GlobalSection(SolutionConfigurationPlatforms) = preSolution
		Debug|Any CPU = Debug|Any CPU
		Release|Any CPU = Release|Any CPU
	EndGlobalSection
	GlobalSection(ProjectConfigurationPlatforms) = postSolution
		{734D0A79-47B8-4C25-8D84-B44760F69B42}.Debug|Any CPU.ActiveCfg = Debug|Any CPU
		{734D0A79-47B8-4C25-8D84-B44760F69B42}.Debug|Any CPU.Build.0 = Debug|Any CPU
		{734D0A79-47B8-4C25-8D84-B44760F69B42}.Release|Any CPU.ActiveCfg = Release|Any CPU
		{734D0A79-47B8-4C25-8D84-B44760F69B42}.Release|Any CPU.Build.0 = Release|Any CPU
		{7E9E0EE6-4B64-4EE6-BED9-855111912CCB}.Debug|Any CPU.ActiveCfg = Debug|Any CPU
		{7E9E0EE6-4B64-4EE6-BED9-855111912CCB}.Debug|Any CPU.Build.0 = Debug|Any CPU
		{7E9E0EE6-4B64-4EE6-BED9-855111912CCB}.Release|Any CPU.ActiveCfg = Release|Any CPU
		{7E9E0EE6-4B64-4EE6-BED9-855111912CCB}.Release|Any CPU.Build.0 = Release|Any CPU
		{3E9BC458-8AEF-443A-ACDD-63A5344FD380}.Debug|Any CPU.ActiveCfg = Debug|Any CPU
		{3E9BC458-8AEF-443A-ACDD-63A5344FD380}.Debug|Any CPU.Build.0 = Debug|Any CPU
		{3E9BC458-8AEF-443A-ACDD-63A5344FD380}.Release|Any CPU.ActiveCfg = Release|Any CPU
		{3E9BC458-8AEF-443A-ACDD-63A5344FD380}.Release|Any CPU.Build.0 = Release|Any CPU
	EndGlobalSection
	GlobalSection(NestedProjects) = preSolution
		{6E455223-9528-4B7D-AAAA-D553185C28AB} = {A4220E47-47F9-4ABC-B764-A9D86998C23A}
		{734D0A79-47B8-4C25-8D84-B44760F69B42} = {6E455223-9528-4B7D-AAAA-D553185C28AB}
		{4827F2CD-EB61-4DE9-99B6-73CDDBB41D24} = {A4220E47-47F9-4ABC-B764-A9D86998C23A}
		{7E9E0EE6-4B64-4EE6-BED9-855111912CCB} = {4827F2CD-EB61-4DE9-99B6-73CDDBB41D24}
		{0B1FBC1F-0189-44A9-9723-3E997BB5C8E0} = {A4220E47-47F9-4ABC-B764-A9D86998C23A}
		{3E9BC458-8AEF-443A-ACDD-63A5344FD380} = {0B1FBC1F-0189-44A9-9723-3E997BB5C8E0}
	EndGlobalSection
EndGlobal
